// !$*UTF8*$!
{
	archiveVersion = 1;
	classes = {
	};
	objectVersion = 46;
	objects = {

/* Begin PBXBuildFile section */
		D52DBF421F8A5B5B00064C1F /* counter1.caf in Resources */ = {isa = PBXBuildFile; fileRef = D52DBF401F8A5B5B00064C1F /* counter1.caf */; };
		D52DBF431F8A5B5B00064C1F /* counter2.caf in Resources */ = {isa = PBXBuildFile; fileRef = D52DBF411F8A5B5B00064C1F /* counter2.caf */; };
		D52DBF451F8A6CD900064C1F /* saber_start.caf in Resources */ = {isa = PBXBuildFile; fileRef = D52DBF441F8A6CD900064C1F /* saber_start.caf */; };
		D52DBF471F8A6FAC00064C1F /* saber_end.caf in Resources */ = {isa = PBXBuildFile; fileRef = D52DBF461F8A6FAC00064C1F /* saber_end.caf */; };
		D52DBF4D1F8A71AC00064C1F /* clash01.caf in Resources */ = {isa = PBXBuildFile; fileRef = D52DBF481F8A71AC00064C1F /* clash01.caf */; };
		D52DBF4E1F8A71AC00064C1F /* clash02.caf in Resources */ = {isa = PBXBuildFile; fileRef = D52DBF491F8A71AC00064C1F /* clash02.caf */; };
		D52DBF4F1F8A71AC00064C1F /* clash03.caf in Resources */ = {isa = PBXBuildFile; fileRef = D52DBF4A1F8A71AC00064C1F /* clash03.caf */; };
		D52DBF501F8A71AC00064C1F /* clash04.caf in Resources */ = {isa = PBXBuildFile; fileRef = D52DBF4B1F8A71AC00064C1F /* clash04.caf */; };
		D52DBF511F8A71AC00064C1F /* clash05.caf in Resources */ = {isa = PBXBuildFile; fileRef = D52DBF4C1F8A71AC00064C1F /* clash05.caf */; };
		D53A6D761F8767DB007EC5C0 /* AppDelegate.swift in Sources */ = {isa = PBXBuildFile; fileRef = D53A6D751F8767DB007EC5C0 /* AppDelegate.swift */; };
		D53A6D781F8767DB007EC5C0 /* ViewController.swift in Sources */ = {isa = PBXBuildFile; fileRef = D53A6D771F8767DB007EC5C0 /* ViewController.swift */; };
		D53A6D7B1F8767DB007EC5C0 /* Main.storyboard in Resources */ = {isa = PBXBuildFile; fileRef = D53A6D791F8767DB007EC5C0 /* Main.storyboard */; };
		D53A6D7E1F8767DB007EC5C0 /* TapWars.xcdatamodeld in Sources */ = {isa = PBXBuildFile; fileRef = D53A6D7C1F8767DB007EC5C0 /* TapWars.xcdatamodeld */; };
		D53A6D801F8767DB007EC5C0 /* Assets.xcassets in Resources */ = {isa = PBXBuildFile; fileRef = D53A6D7F1F8767DB007EC5C0 /* Assets.xcassets */; };
		D53A6D831F8767DB007EC5C0 /* LaunchScreen.storyboard in Resources */ = {isa = PBXBuildFile; fileRef = D53A6D811F8767DB007EC5C0 /* LaunchScreen.storyboard */; };
/* End PBXBuildFile section */

/* Begin PBXFileReference section */
		D52DBF401F8A5B5B00064C1F /* counter1.caf */ = {isa = PBXFileReference; lastKnownFileType = file; path = counter1.caf; sourceTree = "<group>"; };
		D52DBF411F8A5B5B00064C1F /* counter2.caf */ = {isa = PBXFileReference; lastKnownFileType = file; path = counter2.caf; sourceTree = "<group>"; };
		D52DBF441F8A6CD900064C1F /* saber_start.caf */ = {isa = PBXFileReference; lastKnownFileType = file; path = saber_start.caf; sourceTree = "<group>"; };
		D52DBF461F8A6FAC00064C1F /* saber_end.caf */ = {isa = PBXFileReference; lastKnownFileType = file; path = saber_end.caf; sourceTree = "<group>"; };
		D52DBF481F8A71AC00064C1F /* clash01.caf */ = {isa = PBXFileReference; lastKnownFileType = file; path = clash01.caf; sourceTree = "<group>"; };
		D52DBF491F8A71AC00064C1F /* clash02.caf */ = {isa = PBXFileReference; lastKnownFileType = file; path = clash02.caf; sourceTree = "<group>"; };
		D52DBF4A1F8A71AC00064C1F /* clash03.caf */ = {isa = PBXFileReference; lastKnownFileType = file; path = clash03.caf; sourceTree = "<group>"; };
		D52DBF4B1F8A71AC00064C1F /* clash04.caf */ = {isa = PBXFileReference; lastKnownFileType = file; path = clash04.caf; sourceTree = "<group>"; };
		D52DBF4C1F8A71AC00064C1F /* clash05.caf */ = {isa = PBXFileReference; lastKnownFileType = file; path = clash05.caf; sourceTree = "<group>"; };
		D53A6D721F8767DB007EC5C0 /* TapWars.app */ = {isa = PBXFileReference; explicitFileType = wrapper.application; includeInIndex = 0; path = TapWars.app; sourceTree = BUILT_PRODUCTS_DIR; };
		D53A6D751F8767DB007EC5C0 /* AppDelegate.swift */ = {isa = PBXFileReference; lastKnownFileType = sourcecode.swift; path = AppDelegate.swift; sourceTree = "<group>"; };
		D53A6D771F8767DB007EC5C0 /* ViewController.swift */ = {isa = PBXFileReference; lastKnownFileType = sourcecode.swift; path = ViewController.swift; sourceTree = "<group>"; };
		D53A6D7A1F8767DB007EC5C0 /* Base */ = {isa = PBXFileReference; lastKnownFileType = file.storyboard; name = Base; path = Base.lproj/Main.storyboard; sourceTree = "<group>"; };
		D53A6D7D1F8767DB007EC5C0 /* TapWars.xcdatamodel */ = {isa = PBXFileReference; lastKnownFileType = wrapper.xcdatamodel; path = TapWars.xcdatamodel; sourceTree = "<group>"; };
		D53A6D7F1F8767DB007EC5C0 /* Assets.xcassets */ = {isa = PBXFileReference; lastKnownFileType = folder.assetcatalog; path = Assets.xcassets; sourceTree = "<group>"; };
		D53A6D821F8767DB007EC5C0 /* Base */ = {isa = PBXFileReference; lastKnownFileType = file.storyboard; name = Base; path = Base.lproj/LaunchScreen.storyboard; sourceTree = "<group>"; };
		D53A6D841F8767DB007EC5C0 /* Info.plist */ = {isa = PBXFileReference; lastKnownFileType = text.plist.xml; path = Info.plist; sourceTree = "<group>"; };
/* End PBXFileReference section */

/* Begin PBXFrameworksBuildPhase section */
		D53A6D6F1F8767DB007EC5C0 /* Frameworks */ = {
			isa = PBXFrameworksBuildPhase;
			buildActionMask = 2147483647;
			files = (
			);
			runOnlyForDeploymentPostprocessing = 0;
		};
/* End PBXFrameworksBuildPhase section */

/* Begin PBXGroup section */
		D52DBF3F1F8A5B5B00064C1F /* Sounds */ = {
			isa = PBXGroup;
			children = (
				D52DBF481F8A71AC00064C1F /* clash01.caf */,
				D52DBF491F8A71AC00064C1F /* clash02.caf */,
				D52DBF4A1F8A71AC00064C1F /* clash03.caf */,
				D52DBF4B1F8A71AC00064C1F /* clash04.caf */,
				D52DBF4C1F8A71AC00064C1F /* clash05.caf */,
				D52DBF461F8A6FAC00064C1F /* saber_end.caf */,
				D52DBF441F8A6CD900064C1F /* saber_start.caf */,
				D52DBF401F8A5B5B00064C1F /* counter1.caf */,
				D52DBF411F8A5B5B00064C1F /* counter2.caf */,
			);
			path = Sounds;
			sourceTree = "<group>";
		};
		D53A6D691F8767DB007EC5C0 = {
			isa = PBXGroup;
			children = (
				D53A6D741F8767DB007EC5C0 /* TapWars */,
				D53A6D731F8767DB007EC5C0 /* Products */,
			);
			sourceTree = "<group>";
		};
		D53A6D731F8767DB007EC5C0 /* Products */ = {
			isa = PBXGroup;
			children = (
				D53A6D721F8767DB007EC5C0 /* TapWars.app */,
			);
			name = Products;
			sourceTree = "<group>";
		};
		D53A6D741F8767DB007EC5C0 /* TapWars */ = {
			isa = PBXGroup;
			children = (
				D52DBF3F1F8A5B5B00064C1F /* Sounds */,
				D53A6D751F8767DB007EC5C0 /* AppDelegate.swift */,
				D53A6D771F8767DB007EC5C0 /* ViewController.swift */,
				D53A6D791F8767DB007EC5C0 /* Main.storyboard */,
				D53A6D7F1F8767DB007EC5C0 /* Assets.xcassets */,
				D53A6D811F8767DB007EC5C0 /* LaunchScreen.storyboard */,
				D53A6D841F8767DB007EC5C0 /* Info.plist */,
				D53A6D7C1F8767DB007EC5C0 /* TapWars.xcdatamodeld */,
			);
			path = TapWars;
			sourceTree = "<group>";
		};
/* End PBXGroup section */

/* Begin PBXNativeTarget section */
		D53A6D711F8767DB007EC5C0 /* TapWars */ = {
			isa = PBXNativeTarget;
			buildConfigurationList = D53A6D871F8767DB007EC5C0 /* Build configuration list for PBXNativeTarget "TapWars" */;
			buildPhases = (
				D53A6D6E1F8767DB007EC5C0 /* Sources */,
				D53A6D6F1F8767DB007EC5C0 /* Frameworks */,
				D53A6D701F8767DB007EC5C0 /* Resources */,
			);
			buildRules = (
			);
			dependencies = (
			);
			name = TapWars;
			productName = TapWars;
			productReference = D53A6D721F8767DB007EC5C0 /* TapWars.app */;
			productType = "com.apple.product-type.application";
		};
/* End PBXNativeTarget section */

/* Begin PBXProject section */
		D53A6D6A1F8767DB007EC5C0 /* Project object */ = {
			isa = PBXProject;
			attributes = {
				LastSwiftUpdateCheck = 0720;
				LastUpgradeCheck = 0720;
				ORGANIZATIONNAME = coskun;
				TargetAttributes = {
					D53A6D711F8767DB007EC5C0 = {
						CreatedOnToolsVersion = 7.2.1;
						DevelopmentTeam = S3EGVDKW93;
					};
				};
			};
			buildConfigurationList = D53A6D6D1F8767DB007EC5C0 /* Build configuration list for PBXProject "TapWars" */;
			compatibilityVersion = "Xcode 3.2";
			developmentRegion = English;
			hasScannedForEncodings = 0;
			knownRegions = (
				en,
				Base,
			);
			mainGroup = D53A6D691F8767DB007EC5C0;
			productRefGroup = D53A6D731F8767DB007EC5C0 /* Products */;
			projectDirPath = "";
			projectRoot = "";
			targets = (
				D53A6D711F8767DB007EC5C0 /* TapWars */,
			);
		};
/* End PBXProject section */

/* Begin PBXResourcesBuildPhase section */
		D53A6D701F8767DB007EC5C0 /* Resources */ = {
			isa = PBXResourcesBuildPhase;
			buildActionMask = 2147483647;
			files = (
				D52DBF471F8A6FAC00064C1F /* saber_end.caf in Resources */,
				D53A6D831F8767DB007EC5C0 /* LaunchScreen.storyboard in Resources */,
				D52DBF451F8A6CD900064C1F /* saber_start.caf in Resources */,
				D52DBF421F8A5B5B00064C1F /* counter1.caf in Resources */,
				D52DBF431F8A5B5B00064C1F /* counter2.caf in Resources */,
				D53A6D801F8767DB007EC5C0 /* Assets.xcassets in Resources */,
				D53A6D7B1F8767DB007EC5C0 /* Main.storyboard in Resources */,
				D52DBF511F8A71AC00064C1F /* clash05.caf in Resources */,
				D52DBF4E1F8A71AC00064C1F /* clash02.caf in Resources */,
				D52DBF4D1F8A71AC00064C1F /* clash01.caf in Resources */,
				D52DBF4F1F8A71AC00064C1F /* clash03.caf in Resources */,
				D52DBF501F8A71AC00064C1F /* clash04.caf in Resources */,
			);
			runOnlyForDeploymentPostprocessing = 0;
		};
/* End PBXResourcesBuildPhase section */

/* Begin PBXSourcesBuildPhase section */
		D53A6D6E1F8767DB007EC5C0 /* Sources */ = {
			isa = PBXSourcesBuildPhase;
			buildActionMask = 2147483647;
			files = (
				D53A6D781F8767DB007EC5C0 /* ViewController.swift in Sources */,
				D53A6D7E1F8767DB007EC5C0 /* TapWars.xcdatamodeld in Sources */,
				D53A6D761F8767DB007EC5C0 /* AppDelegate.swift in Sources */,
			);
			runOnlyForDeploymentPostprocessing = 0;
		};
/* End PBXSourcesBuildPhase section */

/* Begin PBXVariantGroup section */
		D53A6D791F8767DB007EC5C0 /* Main.storyboard */ = {
			isa = PBXVariantGroup;
			children = (
				D53A6D7A1F8767DB007EC5C0 /* Base */,
			);
			name = Main.storyboard;
			sourceTree = "<group>";
		};
		D53A6D811F8767DB007EC5C0 /* LaunchScreen.storyboard */ = {
			isa = PBXVariantGroup;
			children = (
				D53A6D821F8767DB007EC5C0 /* Base */,
			);
			name = LaunchScreen.storyboard;
			sourceTree = "<group>";
		};
/* End PBXVariantGroup section */

/* Begin XCBuildConfiguration section */
		D53A6D851F8767DB007EC5C0 /* Debug */ = {
			isa = XCBuildConfiguration;
			buildSettings = {
				ALWAYS_SEARCH_USER_PATHS = NO;
				CLANG_CXX_LANGUAGE_STANDARD = "gnu++0x";
				CLANG_CXX_LIBRARY = "libc++";
				CLANG_ENABLE_MODULES = YES;
				CLANG_ENABLE_OBJC_ARC = YES;
				CLANG_WARN_BOOL_CONVERSION = YES;
				CLANG_WARN_CONSTANT_CONVERSION = YES;
				CLANG_WARN_DIRECT_OBJC_ISA_USAGE = YES_ERROR;
				CLANG_WARN_EMPTY_BODY = YES;
				CLANG_WARN_ENUM_CONVERSION = YES;
				CLANG_WARN_INT_CONVERSION = YES;
				CLANG_WARN_OBJC_ROOT_CLASS = YES_ERROR;
				CLANG_WARN_UNREACHABLE_CODE = YES;
				CLANG_WARN__DUPLICATE_METHOD_MATCH = YES;
				"CODE_SIGN_IDENTITY[sdk=iphoneos*]" = "iPhone Developer";
				COPY_PHASE_STRIP = NO;
				DEBUG_INFORMATION_FORMAT = dwarf;
				ENABLE_STRICT_OBJC_MSGSEND = YES;
				ENABLE_TESTABILITY = YES;
				GCC_C_LANGUAGE_STANDARD = gnu99;
				GCC_DYNAMIC_NO_PIC = NO;
				GCC_NO_COMMON_BLOCKS = YES;
				GCC_OPTIMIZATION_LEVEL = 0;
				GCC_PREPROCESSOR_DEFINITIONS = (
					"DEBUG=1",
					"$(inherited)",
				);
				GCC_WARN_64_TO_32_BIT_CONVERSION = YES;
				GCC_WARN_ABOUT_RETURN_TYPE = YES_ERROR;
				GCC_WARN_UNDECLARED_SELECTOR = YES;
				GCC_WARN_UNINITIALIZED_AUTOS = YES_AGGRESSIVE;
				GCC_WARN_UNUSED_FUNCTION = YES;
				GCC_WARN_UNUSED_VARIABLE = YES;
				IPHONEOS_DEPLOYMENT_TARGET = 9.2;
				MTL_ENABLE_DEBUG_INFO = YES;
				ONLY_ACTIVE_ARCH = YES;
				SDKROOT = iphoneos;
				SWIFT_OPTIMIZATION_LEVEL = "-Onone";
				TARGETED_DEVICE_FAMILY = "1,2";
			};
			name = Debug;
		};
		D53A6D861F8767DB007EC5C0 /* Release */ = {
			isa = XCBuildConfiguration;
			buildSettings = {
				ALWAYS_SEARCH_USER_PATHS = NO;
				CLANG_CXX_LANGUAGE_STANDARD = "gnu++0x";
				CLANG_CXX_LIBRARY = "libc++";
				CLANG_ENABLE_MODULES = YES;
				CLANG_ENABLE_OBJC_ARC = YES;
				CLANG_WARN_BOOL_CONVERSION = YES;
				CLANG_WARN_CONSTANT_CONVERSION = YES;
				CLANG_WARN_DIRECT_OBJC_ISA_USAGE = YES_ERROR;
				CLANG_WARN_EMPTY_BODY = YES;
				CLANG_WARN_ENUM_CONVERSION = YES;
				CLANG_WARN_INT_CONVERSION = YES;
				CLANG_WARN_OBJC_ROOT_CLASS = YES_ERROR;
				CLANG_WARN_UNREACHABLE_CODE = YES;
				CLANG_WARN__DUPLICATE_METHOD_MATCH = YES;
				"CODE_SIGN_IDENTITY[sdk=iphoneos*]" = "iPhone Developer";
				COPY_PHASE_STRIP = NO;
				DEBUG_INFORMATION_FORMAT = "dwarf-with-dsym";
				ENABLE_NS_ASSERTIONS = NO;
				ENABLE_STRICT_OBJC_MSGSEND = YES;
				GCC_C_LANGUAGE_STANDARD = gnu99;
				GCC_NO_COMMON_BLOCKS = YES;
				GCC_WARN_64_TO_32_BIT_CONVERSION = YES;
				GCC_WARN_ABOUT_RETURN_TYPE = YES_ERROR;
				GCC_WARN_UNDECLARED_SELECTOR = YES;
				GCC_WARN_UNINITIALIZED_AUTOS = YES_AGGRESSIVE;
				GCC_WARN_UNUSED_FUNCTION = YES;
				GCC_WARN_UNUSED_VARIABLE = YES;
				IPHONEOS_DEPLOYMENT_TARGET = 9.2;
				MTL_ENABLE_DEBUG_INFO = NO;
				SDKROOT = iphoneos;
				TARGETED_DEVICE_FAMILY = "1,2";
				VALIDATE_PRODUCT = YES;
			};
			name = Release;
		};
		D53A6D881F8767DB007EC5C0 /* Debug */ = {
			isa = XCBuildConfiguration;
			buildSettings = {
				ASSETCATALOG_COMPILER_APPICON_NAME = AppIcon;
				CODE_SIGN_IDENTITY = "iPhone Developer";
				INFOPLIST_FILE = TapWars/Info.plist;
				LD_RUNPATH_SEARCH_PATHS = "$(inherited) @executable_path/Frameworks";
				PRODUCT_BUNDLE_IDENTIFIER = com.cskncnr.TapWars;
				PRODUCT_NAME = "$(TARGET_NAME)";
			};
			name = Debug;
		};
		D53A6D891F8767DB007EC5C0 /* Release */ = {
			isa = XCBuildConfiguration;
			buildSettings = {
				ASSETCATALOG_COMPILER_APPICON_NAME = AppIcon;
				CODE_SIGN_IDENTITY = "iPhone Developer";
				INFOPLIST_FILE = TapWars/Info.plist;
				LD_RUNPATH_SEARCH_PATHS = "$(inherited) @executable_path/Frameworks";
				PRODUCT_BUNDLE_IDENTIFIER = com.cskncnr.TapWars;
				PRODUCT_NAME = "$(TARGET_NAME)";
			};
			name = Release;
		};
/* End XCBuildConfiguration section */

/* Begin XCConfigurationList section */
		D53A6D6D1F8767DB007EC5C0 /* Build configuration list for PBXProject "TapWars" */ = {
			isa = XCConfigurationList;
			buildConfigurations = (
				D53A6D851F8767DB007EC5C0 /* Debug */,
				D53A6D861F8767DB007EC5C0 /* Release */,
			);
			defaultConfigurationIsVisible = 0;
			defaultConfigurationName = Release;
		};
		D53A6D871F8767DB007EC5C0 /* Build configuration list for PBXNativeTarget "TapWars" */ = {
			isa = XCConfigurationList;
			buildConfigurations = (
				D53A6D881F8767DB007EC5C0 /* Debug */,
				D53A6D891F8767DB007EC5C0 /* Release */,
			);
			defaultConfigurationIsVisible = 0;
			defaultConfigurationName = Release;
		};
/* End XCConfigurationList section */

/* Begin XCVersionGroup section */
		D53A6D7C1F8767DB007EC5C0 /* TapWars.xcdatamodeld */ = {
			isa = XCVersionGroup;
			children = (
				D53A6D7D1F8767DB007EC5C0 /* TapWars.xcdatamodel */,
			);
			currentVersion = D53A6D7D1F8767DB007EC5C0 /* TapWars.xcdatamodel */;
			path = TapWars.xcdatamodeld;
			sourceTree = "<group>";
			versionGroupType = wrapper.xcdatamodel;
		};
/* End XCVersionGroup section */
	};
	rootObject = D53A6D6A1F8767DB007EC5C0 /* Project object */;
}
